
Microsoft Visual Studio Solution File, Format Version 12.00
# Visual Studio Version 16
VisualStudioVersion = 16.0.29318.209
MinimumVisualStudioVersion = 10.0.40219.1
Project("{9A19103F-16F7-4668-BE54-9A1E7A4F7556}") = "IB.WatchServer.Service", "IB.WatchServer.Service\IB.WatchServer.Service.csproj", "{C8AD0E04-908C-4614-B535-3E6B2071A1D9}"
EndProject
Project("{9A19103F-16F7-4668-BE54-9A1E7A4F7556}") = "IB.WatchServer.XUnitTest", "IB.WatchServer.XUnitTest\IB.WatchServer.XUnitTest.csproj", "{96EA7BF6-4DC4-4B5F-A693-7F5BBF454064}"
EndProject
Project("{2150E333-8FDC-42A3-9474-1A3956D46DE8}") = "Solution Items", "Solution Items", "{685434B4-F204-4848-95C1-031B476E42EB}"
	ProjectSection(SolutionItems) = preProject
		azure-build-publish-pipeline.yml = azure-build-publish-pipeline.yml
		azure-master-pipeline.yml = azure-master-pipeline.yml
		azure-stable-pipeline.yml = azure-stable-pipeline.yml
	EndProjectSection
EndProject
Project("{9A19103F-16F7-4668-BE54-9A1E7A4F7556}") = "IB.WatchServer.Abstract", "IB.WatchServer.Abstract\IB.WatchServer.Abstract.csproj", "{5F7501AD-F9C0-4A67-B5AF-4CAF92F467EF}"
EndProject
Project("{9A19103F-16F7-4668-BE54-9A1E7A4F7556}") = "IB.WatchServer.Migrations", "IB.WatchServer.Migrations\IB.WatchServer.Migrations.csproj", "{C43974EB-D2AE-4EE5-9CFF-571876C0D7D3}"
EndProject
Project("{2150E333-8FDC-42A3-9474-1A3956D46DE8}") = "Tools", "Tools", "{A3170863-1310-44F6-A4C9-509127448C75}"
EndProject
Global
	GlobalSection(SolutionConfigurationPlatforms) = preSolution
		Debug|Any CPU = Debug|Any CPU
		Release|Any CPU = Release|Any CPU
	EndGlobalSection
	GlobalSection(ProjectConfigurationPlatforms) = postSolution
		{C8AD0E04-908C-4614-B535-3E6B2071A1D9}.Debug|Any CPU.ActiveCfg = Debug|Any CPU
		{C8AD0E04-908C-4614-B535-3E6B2071A1D9}.Debug|Any CPU.Build.0 = Debug|Any CPU
		{C8AD0E04-908C-4614-B535-3E6B2071A1D9}.Release|Any CPU.ActiveCfg = Release|Any CPU
		{C8AD0E04-908C-4614-B535-3E6B2071A1D9}.Release|Any CPU.Build.0 = Release|Any CPU
		{96EA7BF6-4DC4-4B5F-A693-7F5BBF454064}.Debug|Any CPU.ActiveCfg = Debug|Any CPU
		{96EA7BF6-4DC4-4B5F-A693-7F5BBF454064}.Debug|Any CPU.Build.0 = Debug|Any CPU
		{96EA7BF6-4DC4-4B5F-A693-7F5BBF454064}.Release|Any CPU.ActiveCfg = Release|Any CPU
		{96EA7BF6-4DC4-4B5F-A693-7F5BBF454064}.Release|Any CPU.Build.0 = Release|Any CPU
		{5F7501AD-F9C0-4A67-B5AF-4CAF92F467EF}.Debug|Any CPU.ActiveCfg = Debug|Any CPU
		{5F7501AD-F9C0-4A67-B5AF-4CAF92F467EF}.Debug|Any CPU.Build.0 = Debug|Any CPU
		{5F7501AD-F9C0-4A67-B5AF-4CAF92F467EF}.Release|Any CPU.ActiveCfg = Release|Any CPU
		{5F7501AD-F9C0-4A67-B5AF-4CAF92F467EF}.Release|Any CPU.Build.0 = Release|Any CPU
		{C43974EB-D2AE-4EE5-9CFF-571876C0D7D3}.Debug|Any CPU.ActiveCfg = Debug|Any CPU
		{C43974EB-D2AE-4EE5-9CFF-571876C0D7D3}.Debug|Any CPU.Build.0 = Debug|Any CPU
		{C43974EB-D2AE-4EE5-9CFF-571876C0D7D3}.Release|Any CPU.ActiveCfg = Release|Any CPU
		{C43974EB-D2AE-4EE5-9CFF-571876C0D7D3}.Release|Any CPU.Build.0 = Release|Any CPU
	EndGlobalSection
	GlobalSection(SolutionProperties) = preSolution
		HideSolutionNode = FALSE
	EndGlobalSection
	GlobalSection(NestedProjects) = preSolution
		{C43974EB-D2AE-4EE5-9CFF-571876C0D7D3} = {A3170863-1310-44F6-A4C9-509127448C75}
	EndGlobalSection
	GlobalSection(ExtensibilityGlobals) = postSolution
		SolutionGuid = {96974A3B-40A1-45DF-9A0D-EB45EB31DEB7}
	EndGlobalSection
EndGlobal
